{
  "name": "labs",
  "version": "1.0.0",
  "lockfileVersion": 2,
  "requires": true,
  "packages": {
    "": {
      "version": "1.0.0",
      "license": "ISC",
      "dependencies": {
        "btree-js": "^0.1.6"
      }
    },
    "node_modules/btree-js": {
      "version": "0.1.6",
      "resolved": "https://registry.npmjs.org/btree-js/-/btree-js-0.1.6.tgz",
      "integrity": "sha1-IGJ8Tbxn7dore08+IiuUcZbLtU4="
    }
  },
  "dependencies": {
    "btree-js": {
      "version": "0.1.6",
      "resolved": "https://registry.npmjs.org/btree-js/-/btree-js-0.1.6.tgz",
      "integrity": "sha1-IGJ8Tbxn7dore08+IiuUcZbLtU4="
    }
  }
}
